{
	"name": "microframework-template-monorepo-common",
	"version": "1.0.0",
	"lockfileVersion": 1,
	"requires": true,
	"dependencies": {
		"prettier": {
			"version": "2.1.2",
			"resolved": "https://registry.npmjs.org/prettier/-/prettier-2.1.2.tgz",
			"integrity": "sha512-16c7K+x4qVlJg9rEbXl7HEGmQyZlG4R9AgP+oHKRMsMsuk8s+ATStlf1NpDqyBI1HpVyfjLOeMhH2LvuNvV5Vg==",
			"dev": true
		},
		"typescript": {
			"version": "4.1.0-dev.20201022",
			"resolved": "https://registry.npmjs.org/typescript/-/typescript-4.1.0-dev.20201022.tgz",
			"integrity": "sha512-jLWGGSsgH/Mr4BhWMoZNbajQl1szMXWTMC3KTJfmKH6BxxKKd5q1xaYuvYhEIQaucd7TBDHVAcN7E/Cd3wmHaA==",
			"dev": true
		}
	}
}
