{
	"name": "@monorepo-test/common",
	"version": "1.0.0",
	"lockfileVersion": 1,
	"requires": true,
	"dependencies": {
		"@microframework/core": {
			"version": "0.1.37",
			"resolved": "https://registry.npmjs.org/@microframework/core/-/core-0.1.37.tgz",
			"integrity": "sha512-2BfuG9OtVJXZzsZ3+DJAJdCtJKiZulStq/prDkh1nqQqGFwFi5iGL9EDV19b2AgaE9CpbAiEXobHEaOTT5h+dg==",
			"requires": {
				"@microframework/model": "*"
			}
		},
		"@microframework/model": {
			"version": "0.1.37",
			"resolved": "https://registry.npmjs.org/@microframework/model/-/model-0.1.37.tgz",
			"integrity": "sha512-Z/zbkb42L27NLhPvj2uqiIOeLYWCt3+onSeWmPxHcQIei32M5g7nAsH8vb2AmQWMKddcXBgQDcdAdA06HA3HOw=="
		},
		"prettier": {
			"version": "2.2.1",
			"resolved": "https://registry.npmjs.org/prettier/-/prettier-2.2.1.tgz",
			"integrity": "sha512-PqyhM2yCjg/oKkFPtTGUojv7gnZAoG80ttl45O6x2Ug/rMJw4wcc9k6aaf2hibP7BGVCCM33gZoGjyvt9mm16Q==",
			"dev": true
		},
		"typescript": {
			"version": "4.1.2",
			"resolved": "https://registry.npmjs.org/typescript/-/typescript-4.1.2.tgz",
			"integrity": "sha512-thGloWsGH3SOxv1SoY7QojKi0tc+8FnOmiarEGMbd/lar7QOEd3hvlx3Fp5y6FlDUGl9L+pd4n2e+oToGMmhRQ==",
			"dev": true
		}
	}
}
