{
	"name": "microframework-complete-sample",
	"version": "1.0.0",
	"lockfileVersion": 2,
	"requires": true,
	"packages": {
		"": {
			"name": "microframework-complete-sample",
			"version": "1.0.0",
			"dependencies": {
				"dotenv": "^8.2.0",
				"graphql-subscriptions": "^1.1.0",
				"sqlite3": "^4.2.0",
				"typeorm": "^0.3.0-rc.21"
			},
			"devDependencies": {
				"@types/node": "^14.0.14",
				"prettier": "^2.0.5",
				"source-map-support": "^0.5.19",
				"ts-node": "^8.10.2",
				"typescript": "4.5.4"
			}
		},
		"node_modules/@sqltools/formatter": {
			"version": "1.2.2",
			"license": "MIT"
		},
		"node_modules/@types/node": {
			"version": "14.18.5",
			"resolved": "https://registry.npmjs.org/@types/node/-/node-14.18.5.tgz",
			"integrity": "sha512-LMy+vDDcQR48EZdEx5wRX1q/sEl6NdGuHXPnfeL8ixkwCOSZ2qnIyIZmcCbdX0MeRqHhAcHmX+haCbrS8Run+A==",
			"dev": true
		},
		"node_modules/abbrev": {
			"version": "1.1.1",
			"license": "ISC"
		},
		"node_modules/ansi-regex": {
			"version": "2.1.1",
			"license": "MIT",
			"engines": {
				"node": ">=0.10.0"
			}
		},
		"node_modules/ansi-styles": {
			"version": "4.3.0",
			"license": "MIT",
			"dependencies": {
				"color-convert": "^2.0.1"
			},
			"engines": {
				"node": ">=8"
			},
			"funding": {
				"url": "https://github.com/chalk/ansi-styles?sponsor=1"
			}
		},
		"node_modules/any-promise": {
			"version": "1.3.0",
			"license": "MIT"
		},
		"node_modules/app-root-path": {
			"version": "3.0.0",
			"license": "MIT",
			"engines": {
				"node": ">= 6.0.0"
			}
		},
		"node_modules/aproba": {
			"version": "1.2.0",
			"license": "ISC"
		},
		"node_modules/are-we-there-yet": {
			"version": "1.1.7",
			"license": "ISC",
			"dependencies": {
				"delegates": "^1.0.0",
				"readable-stream": "^2.0.6"
			}
		},
		"node_modules/arg": {
			"version": "4.1.3",
			"dev": true,
			"license": "MIT"
		},
		"node_modules/argparse": {
			"version": "1.0.10",
			"license": "MIT",
			"dependencies": {
				"sprintf-js": "~1.0.2"
			}
		},
		"node_modules/balanced-match": {
			"version": "1.0.2",
			"license": "MIT"
		},
		"node_modules/base64-js": {
			"version": "1.5.1",
			"funding": [
				{
					"type": "github",
					"url": "https://github.com/sponsors/feross"
				},
				{
					"type": "patreon",
					"url": "https://www.patreon.com/feross"
				},
				{
					"type": "consulting",
					"url": "https://feross.org/support"
				}
			],
			"license": "MIT"
		},
		"node_modules/brace-expansion": {
			"version": "1.1.11",
			"license": "MIT",
			"dependencies": {
				"balanced-match": "^1.0.0",
				"concat-map": "0.0.1"
			}
		},
		"node_modules/buffer": {
			"version": "5.7.1",
			"funding": [
				{
					"type": "github",
					"url": "https://github.com/sponsors/feross"
				},
				{
					"type": "patreon",
					"url": "https://www.patreon.com/feross"
				},
				{
					"type": "consulting",
					"url": "https://feross.org/support"
				}
			],
			"license": "MIT",
			"dependencies": {
				"base64-js": "^1.3.1",
				"ieee754": "^1.1.13"
			}
		},
		"node_modules/buffer-from": {
			"version": "1.1.2",
			"dev": true,
			"license": "MIT"
		},
		"node_modules/chalk": {
			"version": "4.1.2",
			"license": "MIT",
			"dependencies": {
				"ansi-styles": "^4.1.0",
				"supports-color": "^7.1.0"
			},
			"engines": {
				"node": ">=10"
			},
			"funding": {
				"url": "https://github.com/chalk/chalk?sponsor=1"
			}
		},
		"node_modules/chownr": {
			"version": "1.1.4",
			"license": "ISC"
		},
		"node_modules/cli-highlight": {
			"version": "2.1.11",
			"license": "ISC",
			"dependencies": {
				"chalk": "^4.0.0",
				"highlight.js": "^10.7.1",
				"mz": "^2.4.0",
				"parse5": "^5.1.1",
				"parse5-htmlparser2-tree-adapter": "^6.0.0",
				"yargs": "^16.0.0"
			},
			"bin": {
				"highlight": "bin/highlight"
			},
			"engines": {
				"node": ">=8.0.0",
				"npm": ">=5.0.0"
			}
		},
		"node_modules/cliui": {
			"version": "7.0.4",
			"license": "ISC",
			"dependencies": {
				"string-width": "^4.2.0",
				"strip-ansi": "^6.0.0",
				"wrap-ansi": "^7.0.0"
			}
		},
		"node_modules/cliui/node_modules/ansi-regex": {
			"version": "5.0.1",
			"license": "MIT",
			"engines": {
				"node": ">=8"
			}
		},
		"node_modules/cliui/node_modules/is-fullwidth-code-point": {
			"version": "3.0.0",
			"license": "MIT",
			"engines": {
				"node": ">=8"
			}
		},
		"node_modules/cliui/node_modules/string-width": {
			"version": "4.2.3",
			"license": "MIT",
			"dependencies": {
				"emoji-regex": "^8.0.0",
				"is-fullwidth-code-point": "^3.0.0",
				"strip-ansi": "^6.0.1"
			},
			"engines": {
				"node": ">=8"
			}
		},
		"node_modules/cliui/node_modules/strip-ansi": {
			"version": "6.0.1",
			"license": "MIT",
			"dependencies": {
				"ansi-regex": "^5.0.1"
			},
			"engines": {
				"node": ">=8"
			}
		},
		"node_modules/code-point-at": {
			"version": "1.1.0",
			"license": "MIT",
			"engines": {
				"node": ">=0.10.0"
			}
		},
		"node_modules/color-convert": {
			"version": "2.0.1",
			"license": "MIT",
			"dependencies": {
				"color-name": "~1.1.4"
			},
			"engines": {
				"node": ">=7.0.0"
			}
		},
		"node_modules/color-name": {
			"version": "1.1.4",
			"license": "MIT"
		},
		"node_modules/concat-map": {
			"version": "0.0.1",
			"license": "MIT"
		},
		"node_modules/console-control-strings": {
			"version": "1.1.0",
			"license": "ISC"
		},
		"node_modules/core-util-is": {
			"version": "1.0.3",
			"license": "MIT"
		},
		"node_modules/debug": {
			"version": "3.2.7",
			"license": "MIT",
			"dependencies": {
				"ms": "^2.1.1"
			}
		},
		"node_modules/deep-extend": {
			"version": "0.6.0",
			"license": "MIT",
			"engines": {
				"node": ">=4.0.0"
			}
		},
		"node_modules/delegates": {
			"version": "1.0.0",
			"license": "MIT"
		},
		"node_modules/detect-libc": {
			"version": "1.0.3",
			"license": "Apache-2.0",
			"bin": {
				"detect-libc": "bin/detect-libc.js"
			},
			"engines": {
				"node": ">=0.10"
			}
		},
		"node_modules/diff": {
			"dev": true
		},
		"node_modules/dotenv": {
			"version": "8.6.0",
			"license": "BSD-2-Clause",
			"engines": {
				"node": ">=10"
			}
		},
		"node_modules/emoji-regex": {
			"version": "8.0.0",
			"license": "MIT"
		},
		"node_modules/escalade": {
			"version": "3.1.1",
			"license": "MIT",
			"engines": {
				"node": ">=6"
			}
		},
		"node_modules/escape-string-regexp": {
			"version": "1.0.5",
			"license": "MIT",
			"engines": {
				"node": ">=0.8.0"
			}
		},
		"node_modules/esprima": {
			"version": "4.0.1",
			"license": "BSD-2-Clause",
			"bin": {
				"esparse": "bin/esparse.js",
				"esvalidate": "bin/esvalidate.js"
			},
			"engines": {
				"node": ">=4"
			}
		},
		"node_modules/figlet": {},
		"node_modules/fs-minipass": {
			"version": "1.2.7",
			"license": "ISC",
			"dependencies": {
				"minipass": "^2.6.0"
			}
		},
		"node_modules/fs.realpath": {
			"version": "1.0.0",
			"license": "ISC"
		},
		"node_modules/gauge": {
			"version": "2.7.4",
			"license": "ISC",
			"dependencies": {
				"aproba": "^1.0.3",
				"console-control-strings": "^1.0.0",
				"has-unicode": "^2.0.0",
				"object-assign": "^4.1.0",
				"signal-exit": "^3.0.0",
				"string-width": "^1.0.1",
				"strip-ansi": "^3.0.1",
				"wide-align": "^1.1.0"
			}
		},
		"node_modules/get-caller-file": {
			"version": "2.0.5",
			"license": "ISC",
			"engines": {
				"node": "6.* || 8.* || >= 10.*"
			}
		},
		"node_modules/glob": {
			"version": "7.2.0",
			"license": "ISC",
			"dependencies": {
				"fs.realpath": "^1.0.0",
				"inflight": "^1.0.4",
				"inherits": "2",
				"minimatch": "^3.0.4",
				"once": "^1.3.0",
				"path-is-absolute": "^1.0.0"
			},
			"engines": {
				"node": "*"
			},
			"funding": {
				"url": "https://github.com/sponsors/isaacs"
			}
		},
		"node_modules/graphql": {
			"peer": true
		},
		"node_modules/graphql-subscriptions": {
			"version": "1.2.1",
			"license": "MIT",
			"dependencies": {
				"iterall": "^1.3.0"
			},
			"peerDependencies": {
				"graphql": "^0.10.5 || ^0.11.3 || ^0.12.0 || ^0.13.0 || ^14.0.0 || ^15.0.0"
			}
		},
		"node_modules/has-ansi": {
			"version": "2.0.0",
			"license": "MIT",
			"dependencies": {
				"ansi-regex": "^2.0.0"
			},
			"engines": {
				"node": ">=0.10.0"
			}
		},
		"node_modules/has-flag": {
			"version": "4.0.0",
			"license": "MIT",
			"engines": {
				"node": ">=8"
			}
		},
		"node_modules/has-unicode": {
			"version": "2.0.1",
			"license": "ISC"
		},
		"node_modules/highlight.js": {},
		"node_modules/iconv-lite": {
			"version": "0.4.24",
			"license": "MIT",
			"dependencies": {
				"safer-buffer": ">= 2.1.2 < 3"
			},
			"engines": {
				"node": ">=0.10.0"
			}
		},
		"node_modules/ieee754": {
			"version": "1.2.1",
			"funding": [
				{
					"type": "github",
					"url": "https://github.com/sponsors/feross"
				},
				{
					"type": "patreon",
					"url": "https://www.patreon.com/feross"
				},
				{
					"type": "consulting",
					"url": "https://feross.org/support"
				}
			],
			"license": "BSD-3-Clause"
		},
		"node_modules/ignore-walk": {
			"version": "3.0.4",
			"license": "ISC",
			"dependencies": {
				"minimatch": "^3.0.4"
			}
		},
		"node_modules/inflight": {
			"version": "1.0.6",
			"license": "ISC",
			"dependencies": {
				"once": "^1.3.0",
				"wrappy": "1"
			}
		},
		"node_modules/inherits": {
			"version": "2.0.4",
			"license": "ISC"
		},
		"node_modules/ini": {
			"version": "1.3.8",
			"license": "ISC"
		},
		"node_modules/is-fullwidth-code-point": {
			"version": "1.0.0",
			"license": "MIT",
			"dependencies": {
				"number-is-nan": "^1.0.0"
			},
			"engines": {
				"node": ">=0.10.0"
			}
		},
		"node_modules/isarray": {
			"version": "1.0.0",
			"license": "MIT"
		},
		"node_modules/iterall": {
			"version": "1.3.0",
			"license": "MIT"
		},
		"node_modules/js-yaml": {
			"version": "3.14.1",
			"resolved": "https://registry.npmjs.org/js-yaml/-/js-yaml-3.14.1.tgz",
			"integrity": "sha512-okMH7OXXJ7YrN9Ok3/SXrnu4iX9yOk+25nqX4imS2npuvTYDmo/QEZoqwZkYaIDk3jVvBOTOIEgEhaLOynBS9g==",
			"dependencies": {
				"argparse": "^1.0.7",
				"esprima": "^4.0.0"
			},
			"bin": {
				"js-yaml": "bin/js-yaml.js"
			}
		},
		"node_modules/make-error": {
			"version": "1.3.6",
			"dev": true,
			"license": "ISC"
		},
		"node_modules/minimatch": {
			"version": "3.0.4",
			"license": "ISC",
			"dependencies": {
				"brace-expansion": "^1.1.7"
			},
			"engines": {
				"node": "*"
			}
		},
		"node_modules/minimist": {
			"version": "1.2.5",
			"license": "MIT"
		},
		"node_modules/minipass": {
			"version": "2.9.0",
			"license": "ISC",
			"dependencies": {
				"safe-buffer": "^5.1.2",
				"yallist": "^3.0.0"
			}
		},
		"node_modules/minizlib": {
			"version": "1.3.3",
			"license": "MIT",
			"dependencies": {
				"minipass": "^2.9.0"
			}
		},
		"node_modules/mkdirp": {
			"version": "0.5.5",
			"license": "MIT",
			"dependencies": {
				"minimist": "^1.2.5"
			},
			"bin": {
				"mkdirp": "bin/cmd.js"
			}
		},
		"node_modules/ms": {
			"version": "2.1.3",
			"license": "MIT"
		},
		"node_modules/mz": {
			"version": "2.7.0",
			"license": "MIT",
			"dependencies": {
				"any-promise": "^1.0.0",
				"object-assign": "^4.0.1",
				"thenify-all": "^1.0.0"
			}
		},
		"node_modules/nan": {
			"version": "2.15.0",
			"license": "MIT"
		},
		"node_modules/needle": {
			"version": "2.9.1",
			"license": "MIT",
			"dependencies": {
				"debug": "^3.2.6",
				"iconv-lite": "^0.4.4",
				"sax": "^1.2.4"
			},
			"bin": {
				"needle": "bin/needle"
			},
			"engines": {
				"node": ">= 4.4.x"
			}
		},
		"node_modules/node-pre-gyp": {
			"version": "0.11.0",
			"license": "BSD-3-Clause",
			"dependencies": {
				"detect-libc": "^1.0.2",
				"mkdirp": "^0.5.1",
				"needle": "^2.2.1",
				"nopt": "^4.0.1",
				"npm-packlist": "^1.1.6",
				"npmlog": "^4.0.2",
				"rc": "^1.2.7",
				"rimraf": "^2.6.1",
				"semver": "^5.3.0",
				"tar": "^4"
			},
			"bin": {
				"node-pre-gyp": "bin/node-pre-gyp"
			}
		},
		"node_modules/nopt": {
			"version": "4.0.3",
			"license": "ISC",
			"dependencies": {
				"abbrev": "1",
				"osenv": "^0.1.4"
			},
			"bin": {
				"nopt": "bin/nopt.js"
			}
		},
		"node_modules/npm-bundled": {
			"version": "1.1.2",
			"license": "ISC",
			"dependencies": {
				"npm-normalize-package-bin": "^1.0.1"
			}
		},
		"node_modules/npm-normalize-package-bin": {
			"version": "1.0.1",
			"license": "ISC"
		},
		"node_modules/npm-packlist": {
			"version": "1.4.8",
			"license": "ISC",
			"dependencies": {
				"ignore-walk": "^3.0.1",
				"npm-bundled": "^1.0.1",
				"npm-normalize-package-bin": "^1.0.1"
			}
		},
		"node_modules/npmlog": {
			"version": "4.1.2",
			"license": "ISC",
			"dependencies": {
				"are-we-there-yet": "~1.1.2",
				"console-control-strings": "~1.1.0",
				"gauge": "~2.7.3",
				"set-blocking": "~2.0.0"
			}
		},
		"node_modules/number-is-nan": {
			"version": "1.0.1",
			"license": "MIT",
			"engines": {
				"node": ">=0.10.0"
			}
		},
		"node_modules/object-assign": {
			"version": "4.1.1",
			"license": "MIT",
			"engines": {
				"node": ">=0.10.0"
			}
		},
		"node_modules/once": {
			"version": "1.4.0",
			"license": "ISC",
			"dependencies": {
				"wrappy": "1"
			}
		},
		"node_modules/os-homedir": {
			"version": "1.0.2",
			"license": "MIT",
			"engines": {
				"node": ">=0.10.0"
			}
		},
		"node_modules/os-tmpdir": {
			"version": "1.0.2",
			"license": "MIT",
			"engines": {
				"node": ">=0.10.0"
			}
		},
		"node_modules/osenv": {
			"version": "0.1.5",
			"license": "ISC",
			"dependencies": {
				"os-homedir": "^1.0.0",
				"os-tmpdir": "^1.0.0"
			}
		},
		"node_modules/parent-require": {
			"version": "1.0.0",
			"engines": {
				"node": ">= 0.4.0"
			}
		},
		"node_modules/parse5": {},
		"node_modules/parse5-htmlparser2-tree-adapter": {
			"version": "6.0.1",
			"license": "MIT",
			"dependencies": {
				"parse5": "^6.0.1"
			}
		},
		"node_modules/parse5-htmlparser2-tree-adapter/node_modules/parse5": {},
		"node_modules/path-is-absolute": {
			"version": "1.0.1",
			"license": "MIT",
			"engines": {
				"node": ">=0.10.0"
			}
		},
		"node_modules/prettier": {
			"version": "2.5.1",
			"resolved": "https://registry.npmjs.org/prettier/-/prettier-2.5.1.tgz",
			"integrity": "sha512-vBZcPRUR5MZJwoyi3ZoyQlc1rXeEck8KgeC9AwwOn+exuxLxq5toTRDTSaVrXHxelDMHy9zlicw8u66yxoSUFg==",
			"dev": true,
			"bin": {
				"prettier": "bin-prettier.js"
			},
			"engines": {
				"node": ">=10.13.0"
			}
		},
		"node_modules/process-nextick-args": {
			"version": "2.0.1",
			"license": "MIT"
		},
		"node_modules/rc": {
			"version": "1.2.8",
			"license": "(BSD-2-Clause OR MIT OR Apache-2.0)",
			"dependencies": {
				"deep-extend": "^0.6.0",
				"ini": "~1.3.0",
				"minimist": "^1.2.0",
				"strip-json-comments": "~2.0.1"
			},
			"bin": {
				"rc": "cli.js"
			}
		},
		"node_modules/readable-stream": {
			"version": "2.3.7",
			"license": "MIT",
			"dependencies": {
				"core-util-is": "~1.0.0",
				"inherits": "~2.0.3",
				"isarray": "~1.0.0",
				"process-nextick-args": "~2.0.0",
				"safe-buffer": "~5.1.1",
				"string_decoder": "~1.1.1",
				"util-deprecate": "~1.0.1"
			}
		},
		"node_modules/reflect-metadata": {
			"version": "0.1.13",
			"license": "Apache-2.0"
		},
		"node_modules/require-directory": {
			"version": "2.1.1",
			"license": "MIT",
			"engines": {
				"node": ">=0.10.0"
			}
		},
		"node_modules/rimraf": {
			"version": "2.7.1",
			"license": "ISC",
			"dependencies": {
				"glob": "^7.1.3"
			},
			"bin": {
				"rimraf": "bin.js"
			}
		},
		"node_modules/safe-buffer": {
			"version": "5.1.2",
			"license": "MIT"
		},
		"node_modules/safer-buffer": {
			"version": "2.1.2",
			"license": "MIT"
		},
		"node_modules/sax": {
			"version": "1.2.4",
			"license": "ISC"
		},
		"node_modules/semver": {
			"version": "5.7.1",
			"license": "ISC",
			"bin": {
				"semver": "bin/semver"
			}
		},
		"node_modules/set-blocking": {
			"version": "2.0.0",
			"license": "ISC"
		},
		"node_modules/sha.js": {
			"version": "2.4.11",
			"license": "(MIT AND BSD-3-Clause)",
			"dependencies": {
				"inherits": "^2.0.1",
				"safe-buffer": "^5.0.1"
			},
			"bin": {
				"sha.js": "bin.js"
			}
		},
		"node_modules/signal-exit": {
			"version": "3.0.6",
			"license": "ISC"
		},
		"node_modules/source-map": {
			"version": "0.6.1",
			"dev": true,
			"license": "BSD-3-Clause",
			"engines": {
				"node": ">=0.10.0"
			}
		},
		"node_modules/source-map-support": {
			"version": "0.5.21",
			"dev": true,
			"license": "MIT",
			"dependencies": {
				"buffer-from": "^1.0.0",
				"source-map": "^0.6.0"
			}
		},
		"node_modules/sprintf-js": {
			"version": "1.0.3",
			"license": "BSD-3-Clause"
		},
		"node_modules/sqlite3": {
			"version": "4.2.0",
			"hasInstallScript": true,
			"license": "BSD-3-Clause",
			"dependencies": {
				"nan": "^2.12.1",
				"node-pre-gyp": "^0.11.0"
			}
		},
		"node_modules/string_decoder": {
			"version": "1.1.1",
			"license": "MIT",
			"dependencies": {
				"safe-buffer": "~5.1.0"
			}
		},
		"node_modules/string-width": {
			"version": "1.0.2",
			"license": "MIT",
			"dependencies": {
				"code-point-at": "^1.0.0",
				"is-fullwidth-code-point": "^1.0.0",
				"strip-ansi": "^3.0.0"
			},
			"engines": {
				"node": ">=0.10.0"
			}
		},
		"node_modules/strip-ansi": {
			"version": "3.0.1",
			"license": "MIT",
			"dependencies": {
				"ansi-regex": "^2.0.0"
			},
			"engines": {
				"node": ">=0.10.0"
			}
		},
		"node_modules/strip-json-comments": {
			"version": "2.0.1",
			"license": "MIT",
			"engines": {
				"node": ">=0.10.0"
			}
		},
		"node_modules/supports-color": {
			"version": "7.2.0",
			"license": "MIT",
			"dependencies": {
				"has-flag": "^4.0.0"
			},
			"engines": {
				"node": ">=8"
			}
		},
		"node_modules/tar": {
			"version": "4.4.19",
			"license": "ISC",
			"dependencies": {
				"chownr": "^1.1.4",
				"fs-minipass": "^1.2.7",
				"minipass": "^2.9.0",
				"minizlib": "^1.3.3",
				"mkdirp": "^0.5.5",
				"safe-buffer": "^5.2.1",
				"yallist": "^3.1.1"
			},
			"engines": {
				"node": ">=4.5"
			}
		},
		"node_modules/tar/node_modules/safe-buffer": {
			"version": "5.2.1",
			"funding": [
				{
					"type": "github",
					"url": "https://github.com/sponsors/feross"
				},
				{
					"type": "patreon",
					"url": "https://www.patreon.com/feross"
				},
				{
					"type": "consulting",
					"url": "https://feross.org/support"
				}
			],
			"license": "MIT"
		},
		"node_modules/thenify": {
			"version": "3.3.1",
			"license": "MIT",
			"dependencies": {
				"any-promise": "^1.0.0"
			}
		},
		"node_modules/thenify-all": {
			"version": "1.6.0",
			"license": "MIT",
			"dependencies": {
				"thenify": ">= 3.1.0 < 4"
			},
			"engines": {
				"node": ">=0.8"
			}
		},
		"node_modules/ts-node": {
			"version": "8.10.2",
			"dev": true,
			"license": "MIT",
			"dependencies": {
				"arg": "^4.1.0",
				"diff": "^4.0.1",
				"make-error": "^1.1.1",
				"source-map-support": "^0.5.17",
				"yn": "3.1.1"
			},
			"bin": {
				"ts-node": "dist/bin.js",
				"ts-node-script": "dist/bin-script.js",
				"ts-node-transpile-only": "dist/bin-transpile.js",
				"ts-script": "dist/bin-script-deprecated.js"
			},
			"engines": {
				"node": ">=6.0.0"
			},
			"peerDependencies": {
				"typescript": ">=2.7"
			}
		},
		"node_modules/tslib": {
			"version": "1.14.1",
			"license": "0BSD"
		},
		"node_modules/typeorm": {
			"version": "0.3.0-rc.21",
			"resolved": "https://registry.npmjs.org/typeorm/-/typeorm-0.3.0-rc.21.tgz",
			"integrity": "sha512-GaMGby3Y7mMxAGBGYQfcZFs0hM6X1+XK4Fv1BnULSl9PmBRqnFpADBPT81odtc1hURxlykX6Meux2R3VTrbDRg==",
			"dependencies": {
				"@sqltools/formatter": "1.2.2",
				"app-root-path": "^3.0.0",
				"buffer": "^5.5.0",
				"chalk": "^4.1.0",
				"cli-highlight": "^2.1.4",
				"debug": "^4.1.1",
				"dotenv": "^8.2.0",
				"glob": "^7.1.6",
				"js-yaml": "^3.14.0",
				"mkdirp": "^1.0.4",
				"reflect-metadata": "^0.1.13",
				"sha.js": "^2.4.11",
				"tslib": "^1.13.0",
				"xml2js": "^0.4.23",
				"yargonaut": "^1.1.2",
				"yargs": "^16.0.3",
				"zen-observable-ts": "^0.8.21"
			},
			"bin": {
				"typeorm": "cli.js"
			}
		},
		"node_modules/typeorm/node_modules/debug": {
			"version": "4.3.3",
			"license": "MIT",
			"dependencies": {
				"ms": "2.1.2"
			},
			"engines": {
				"node": ">=6.0"
			},
			"peerDependenciesMeta": {
				"supports-color": {
					"optional": true
				}
			}
		},
		"node_modules/typeorm/node_modules/mkdirp": {
			"version": "1.0.4",
			"license": "MIT",
			"bin": {
				"mkdirp": "bin/cmd.js"
			},
			"engines": {
				"node": ">=10"
			}
		},
		"node_modules/typeorm/node_modules/ms": {
			"version": "2.1.2",
			"license": "MIT"
		},
		"node_modules/typescript": {
			"version": "4.5.4",
			"dev": true,
			"license": "Apache-2.0",
			"bin": {
				"tsc": "bin/tsc",
				"tsserver": "bin/tsserver"
			},
			"engines": {
				"node": ">=4.2.0"
			}
		},
		"node_modules/util-deprecate": {
			"version": "1.0.2",
			"license": "MIT"
		},
		"node_modules/wide-align": {
			"version": "1.1.5",
			"license": "ISC",
			"dependencies": {
				"string-width": "^1.0.2 || 2 || 3 || 4"
			}
		},
		"node_modules/wrap-ansi": {
			"version": "7.0.0",
			"license": "MIT",
			"dependencies": {
				"ansi-styles": "^4.0.0",
				"string-width": "^4.1.0",
				"strip-ansi": "^6.0.0"
			},
			"engines": {
				"node": ">=10"
			},
			"funding": {
				"url": "https://github.com/chalk/wrap-ansi?sponsor=1"
			}
		},
		"node_modules/wrap-ansi/node_modules/ansi-regex": {
			"version": "5.0.1",
			"license": "MIT",
			"engines": {
				"node": ">=8"
			}
		},
		"node_modules/wrap-ansi/node_modules/is-fullwidth-code-point": {
			"version": "3.0.0",
			"license": "MIT",
			"engines": {
				"node": ">=8"
			}
		},
		"node_modules/wrap-ansi/node_modules/string-width": {
			"version": "4.2.3",
			"license": "MIT",
			"dependencies": {
				"emoji-regex": "^8.0.0",
				"is-fullwidth-code-point": "^3.0.0",
				"strip-ansi": "^6.0.1"
			},
			"engines": {
				"node": ">=8"
			}
		},
		"node_modules/wrap-ansi/node_modules/strip-ansi": {
			"version": "6.0.1",
			"license": "MIT",
			"dependencies": {
				"ansi-regex": "^5.0.1"
			},
			"engines": {
				"node": ">=8"
			}
		},
		"node_modules/wrappy": {
			"version": "1.0.2",
			"license": "ISC"
		},
		"node_modules/xml2js": {
			"version": "0.4.23",
			"license": "MIT",
			"dependencies": {
				"sax": ">=0.6.0",
				"xmlbuilder": "~11.0.0"
			},
			"engines": {
				"node": ">=4.0.0"
			}
		},
		"node_modules/xmlbuilder": {
			"version": "11.0.1",
			"license": "MIT",
			"engines": {
				"node": ">=4.0"
			}
		},
		"node_modules/y18n": {
			"version": "5.0.8",
			"license": "ISC",
			"engines": {
				"node": ">=10"
			}
		},
		"node_modules/yallist": {
			"version": "3.1.1",
			"license": "ISC"
		},
		"node_modules/yargonaut": {
			"version": "1.1.4",
			"license": "Apache-2.0",
			"dependencies": {
				"chalk": "^1.1.1",
				"figlet": "^1.1.1",
				"parent-require": "^1.0.0"
			}
		},
		"node_modules/yargonaut/node_modules/ansi-styles": {
			"version": "2.2.1",
			"license": "MIT",
			"engines": {
				"node": ">=0.10.0"
			}
		},
		"node_modules/yargonaut/node_modules/chalk": {
			"version": "1.1.3",
			"license": "MIT",
			"dependencies": {
				"ansi-styles": "^2.2.1",
				"escape-string-regexp": "^1.0.2",
				"has-ansi": "^2.0.0",
				"strip-ansi": "^3.0.0",
				"supports-color": "^2.0.0"
			},
			"engines": {
				"node": ">=0.10.0"
			}
		},
		"node_modules/yargonaut/node_modules/supports-color": {
			"version": "2.0.0",
			"license": "MIT",
			"engines": {
				"node": ">=0.8.0"
			}
		},
		"node_modules/yargs": {
			"version": "16.2.0",
			"resolved": "https://registry.npmjs.org/yargs/-/yargs-16.2.0.tgz",
			"integrity": "sha512-D1mvvtDG0L5ft/jGWkLpG1+m0eQxOfaBvTNELraWj22wSVUMWxZUvYgJYcKh6jGGIkJFhH4IZPQhR4TKpc8mBw==",
			"dependencies": {
				"cliui": "^7.0.2",
				"escalade": "^3.1.1",
				"get-caller-file": "^2.0.5",
				"require-directory": "^2.1.1",
				"string-width": "^4.2.0",
				"y18n": "^5.0.5",
				"yargs-parser": "^20.2.2"
			},
			"engines": {
				"node": ">=10"
			}
		},
		"node_modules/yargs-parser": {
			"version": "20.2.9",
			"license": "ISC",
			"engines": {
				"node": ">=10"
			}
		},
		"node_modules/yargs/node_modules/ansi-regex": {
			"version": "5.0.1",
			"resolved": "https://registry.npmjs.org/ansi-regex/-/ansi-regex-5.0.1.tgz",
			"integrity": "sha512-quJQXlTSUGL2LH9SUXo8VwsY4soanhgo6LNSm84E1LBcE8s3O0wpdiRzyR9z/ZZJMlMWv37qOOb9pdJlMUEKFQ==",
			"engines": {
				"node": ">=8"
			}
		},
		"node_modules/yargs/node_modules/is-fullwidth-code-point": {
			"version": "3.0.0",
			"resolved": "https://registry.npmjs.org/is-fullwidth-code-point/-/is-fullwidth-code-point-3.0.0.tgz",
			"integrity": "sha512-zymm5+u+sCsSWyD9qNaejV3DFvhCKclKdizYaJUuHA83RLjb7nSuGnddCHGv0hk+KY7BMAlsWeK4Ueg6EV6XQg==",
			"engines": {
				"node": ">=8"
			}
		},
		"node_modules/yargs/node_modules/string-width": {
			"version": "4.2.3",
			"resolved": "https://registry.npmjs.org/string-width/-/string-width-4.2.3.tgz",
			"integrity": "sha512-wKyQRQpjJ0sIp62ErSZdGsjMJWsap5oRNihHhu6G7JVO/9jIB6UyevL+tXuOqrng8j/cxKTWyWUwvSTriiZz/g==",
			"dependencies": {
				"emoji-regex": "^8.0.0",
				"is-fullwidth-code-point": "^3.0.0",
				"strip-ansi": "^6.0.1"
			},
			"engines": {
				"node": ">=8"
			}
		},
		"node_modules/yargs/node_modules/strip-ansi": {
			"version": "6.0.1",
			"resolved": "https://registry.npmjs.org/strip-ansi/-/strip-ansi-6.0.1.tgz",
			"integrity": "sha512-Y38VPSHcqkFrCpFnQ9vuSXmquuv5oXOKpGeT6aGrr3o3Gc9AlVa6JBfUSOCnbxGGZF+/0ooI7KrPuUSztUdU5A==",
			"dependencies": {
				"ansi-regex": "^5.0.1"
			},
			"engines": {
				"node": ">=8"
			}
		},
		"node_modules/yn": {
			"version": "3.1.1",
			"dev": true,
			"license": "MIT",
			"engines": {
				"node": ">=6"
			}
		},
		"node_modules/zen-observable": {
			"version": "0.8.15",
			"license": "MIT"
		},
		"node_modules/zen-observable-ts": {
			"version": "0.8.21",
			"license": "MIT",
			"dependencies": {
				"tslib": "^1.9.3",
				"zen-observable": "^0.8.0"
			}
		}
	},
	"dependencies": {
		"@sqltools/formatter": {
			"version": "1.2.2"
		},
		"@types/node": {
			"version": "14.18.5",
			"resolved": "https://registry.npmjs.org/@types/node/-/node-14.18.5.tgz",
			"integrity": "sha512-LMy+vDDcQR48EZdEx5wRX1q/sEl6NdGuHXPnfeL8ixkwCOSZ2qnIyIZmcCbdX0MeRqHhAcHmX+haCbrS8Run+A==",
			"dev": true
		},
		"abbrev": {
			"version": "1.1.1"
		},
		"ansi-regex": {
			"version": "2.1.1"
		},
		"ansi-styles": {
			"version": "4.3.0",
			"requires": {
				"color-convert": "^2.0.1"
			}
		},
		"any-promise": {
			"version": "1.3.0"
		},
		"app-root-path": {
			"version": "3.0.0"
		},
		"aproba": {
			"version": "1.2.0"
		},
		"are-we-there-yet": {
			"version": "1.1.7",
			"requires": {
				"delegates": "^1.0.0",
				"readable-stream": "^2.0.6"
			}
		},
		"arg": {
			"version": "4.1.3",
			"dev": true
		},
		"argparse": {
			"version": "1.0.10",
			"requires": {
				"sprintf-js": "~1.0.2"
			}
		},
		"balanced-match": {
			"version": "1.0.2"
		},
		"base64-js": {
			"version": "1.5.1"
		},
		"brace-expansion": {
			"version": "1.1.11",
			"requires": {
				"balanced-match": "^1.0.0",
				"concat-map": "0.0.1"
			}
		},
		"buffer": {
			"version": "5.7.1",
			"requires": {
				"base64-js": "^1.3.1",
				"ieee754": "^1.1.13"
			}
		},
		"buffer-from": {
			"version": "1.1.2",
			"dev": true
		},
		"chalk": {
			"version": "4.1.2",
			"requires": {
				"ansi-styles": "^4.1.0",
				"supports-color": "^7.1.0"
			}
		},
		"chownr": {
			"version": "1.1.4"
		},
		"cli-highlight": {
			"version": "2.1.11",
			"requires": {
				"chalk": "^4.0.0",
				"highlight.js": "^10.7.1",
				"mz": "^2.4.0",
				"parse5": "^5.1.1",
				"parse5-htmlparser2-tree-adapter": "^6.0.0",
				"yargs": "^16.0.0"
			}
		},
		"cliui": {
			"version": "7.0.4",
			"requires": {
				"string-width": "^4.2.0",
				"strip-ansi": "^6.0.0",
				"wrap-ansi": "^7.0.0"
			},
			"dependencies": {
				"ansi-regex": {
					"version": "5.0.1"
				},
				"is-fullwidth-code-point": {
					"version": "3.0.0"
				},
				"string-width": {
					"version": "4.2.3",
					"requires": {
						"emoji-regex": "^8.0.0",
						"is-fullwidth-code-point": "^3.0.0",
						"strip-ansi": "^6.0.1"
					}
				},
				"strip-ansi": {
					"version": "6.0.1",
					"requires": {
						"ansi-regex": "^5.0.1"
					}
				}
			}
		},
		"code-point-at": {
			"version": "1.1.0"
		},
		"color-convert": {
			"version": "2.0.1",
			"requires": {
				"color-name": "~1.1.4"
			}
		},
		"color-name": {
			"version": "1.1.4"
		},
		"concat-map": {
			"version": "0.0.1"
		},
		"console-control-strings": {
			"version": "1.1.0"
		},
		"core-util-is": {
			"version": "1.0.3"
		},
		"debug": {
			"version": "3.2.7",
			"requires": {
				"ms": "^2.1.1"
			}
		},
		"deep-extend": {
			"version": "0.6.0"
		},
		"delegates": {
			"version": "1.0.0"
		},
		"detect-libc": {
			"version": "1.0.3"
		},
		"diff": {
			"dev": true
		},
		"dotenv": {
			"version": "8.6.0"
		},
		"emoji-regex": {
			"version": "8.0.0"
		},
		"escalade": {
			"version": "3.1.1"
		},
		"escape-string-regexp": {
			"version": "1.0.5"
		},
		"esprima": {
			"version": "4.0.1"
		},
		"figlet": {},
		"fs-minipass": {
			"version": "1.2.7",
			"requires": {
				"minipass": "^2.6.0"
			}
		},
		"fs.realpath": {
			"version": "1.0.0"
		},
		"gauge": {
			"version": "2.7.4",
			"requires": {
				"aproba": "^1.0.3",
				"console-control-strings": "^1.0.0",
				"has-unicode": "^2.0.0",
				"object-assign": "^4.1.0",
				"signal-exit": "^3.0.0",
				"string-width": "^1.0.1",
				"strip-ansi": "^3.0.1",
				"wide-align": "^1.1.0"
			}
		},
		"get-caller-file": {
			"version": "2.0.5"
		},
		"glob": {
			"version": "7.2.0",
			"requires": {
				"fs.realpath": "^1.0.0",
				"inflight": "^1.0.4",
				"inherits": "2",
				"minimatch": "^3.0.4",
				"once": "^1.3.0",
				"path-is-absolute": "^1.0.0"
			}
		},
		"graphql": {
			"peer": true
		},
		"graphql-subscriptions": {
			"version": "1.2.1",
			"requires": {
				"iterall": "^1.3.0"
			}
		},
		"has-ansi": {
			"version": "2.0.0",
			"requires": {
				"ansi-regex": "^2.0.0"
			}
		},
		"has-flag": {
			"version": "4.0.0"
		},
		"has-unicode": {
			"version": "2.0.1"
		},
		"highlight.js": {},
		"iconv-lite": {
			"version": "0.4.24",
			"requires": {
				"safer-buffer": ">= 2.1.2 < 3"
			}
		},
		"ieee754": {
			"version": "1.2.1"
		},
		"ignore-walk": {
			"version": "3.0.4",
			"requires": {
				"minimatch": "^3.0.4"
			}
		},
		"inflight": {
			"version": "1.0.6",
			"requires": {
				"once": "^1.3.0",
				"wrappy": "1"
			}
		},
		"inherits": {
			"version": "2.0.4"
		},
		"ini": {
			"version": "1.3.8"
		},
		"is-fullwidth-code-point": {
			"version": "1.0.0",
			"requires": {
				"number-is-nan": "^1.0.0"
			}
		},
		"isarray": {
			"version": "1.0.0"
		},
		"iterall": {
			"version": "1.3.0"
		},
		"js-yaml": {
			"version": "3.14.1",
			"resolved": "https://registry.npmjs.org/js-yaml/-/js-yaml-3.14.1.tgz",
			"integrity": "sha512-okMH7OXXJ7YrN9Ok3/SXrnu4iX9yOk+25nqX4imS2npuvTYDmo/QEZoqwZkYaIDk3jVvBOTOIEgEhaLOynBS9g==",
			"requires": {
				"argparse": "^1.0.7",
				"esprima": "^4.0.0"
			}
		},
		"make-error": {
			"version": "1.3.6",
			"dev": true
		},
		"minimatch": {
			"version": "3.0.4",
			"requires": {
				"brace-expansion": "^1.1.7"
			}
		},
		"minimist": {
			"version": "1.2.5"
		},
		"minipass": {
			"version": "2.9.0",
			"requires": {
				"safe-buffer": "^5.1.2",
				"yallist": "^3.0.0"
			}
		},
		"minizlib": {
			"version": "1.3.3",
			"requires": {
				"minipass": "^2.9.0"
			}
		},
		"mkdirp": {
			"version": "0.5.5",
			"requires": {
				"minimist": "^1.2.5"
			}
		},
		"ms": {
			"version": "2.1.3"
		},
		"mz": {
			"version": "2.7.0",
			"requires": {
				"any-promise": "^1.0.0",
				"object-assign": "^4.0.1",
				"thenify-all": "^1.0.0"
			}
		},
		"nan": {
			"version": "2.15.0"
		},
		"needle": {
			"version": "2.9.1",
			"requires": {
				"debug": "^3.2.6",
				"iconv-lite": "^0.4.4",
				"sax": "^1.2.4"
			}
		},
		"node-pre-gyp": {
			"version": "0.11.0",
			"requires": {
				"detect-libc": "^1.0.2",
				"mkdirp": "^0.5.1",
				"needle": "^2.2.1",
				"nopt": "^4.0.1",
				"npm-packlist": "^1.1.6",
				"npmlog": "^4.0.2",
				"rc": "^1.2.7",
				"rimraf": "^2.6.1",
				"semver": "^5.3.0",
				"tar": "^4"
			}
		},
		"nopt": {
			"version": "4.0.3",
			"requires": {
				"abbrev": "1",
				"osenv": "^0.1.4"
			}
		},
		"npm-bundled": {
			"version": "1.1.2",
			"requires": {
				"npm-normalize-package-bin": "^1.0.1"
			}
		},
		"npm-normalize-package-bin": {
			"version": "1.0.1"
		},
		"npm-packlist": {
			"version": "1.4.8",
			"requires": {
				"ignore-walk": "^3.0.1",
				"npm-bundled": "^1.0.1",
				"npm-normalize-package-bin": "^1.0.1"
			}
		},
		"npmlog": {
			"version": "4.1.2",
			"requires": {
				"are-we-there-yet": "~1.1.2",
				"console-control-strings": "~1.1.0",
				"gauge": "~2.7.3",
				"set-blocking": "~2.0.0"
			}
		},
		"number-is-nan": {
			"version": "1.0.1"
		},
		"object-assign": {
			"version": "4.1.1"
		},
		"once": {
			"version": "1.4.0",
			"requires": {
				"wrappy": "1"
			}
		},
		"os-homedir": {
			"version": "1.0.2"
		},
		"os-tmpdir": {
			"version": "1.0.2"
		},
		"osenv": {
			"version": "0.1.5",
			"requires": {
				"os-homedir": "^1.0.0",
				"os-tmpdir": "^1.0.0"
			}
		},
		"parent-require": {
			"version": "1.0.0"
		},
		"parse5": {},
		"parse5-htmlparser2-tree-adapter": {
			"version": "6.0.1",
			"requires": {
				"parse5": "^6.0.1"
			},
			"dependencies": {
				"parse5": {}
			}
		},
		"path-is-absolute": {
			"version": "1.0.1"
		},
		"prettier": {
			"version": "2.5.1",
			"resolved": "https://registry.npmjs.org/prettier/-/prettier-2.5.1.tgz",
			"integrity": "sha512-vBZcPRUR5MZJwoyi3ZoyQlc1rXeEck8KgeC9AwwOn+exuxLxq5toTRDTSaVrXHxelDMHy9zlicw8u66yxoSUFg==",
			"dev": true
		},
		"process-nextick-args": {
			"version": "2.0.1"
		},
		"rc": {
			"version": "1.2.8",
			"requires": {
				"deep-extend": "^0.6.0",
				"ini": "~1.3.0",
				"minimist": "^1.2.0",
				"strip-json-comments": "~2.0.1"
			}
		},
		"readable-stream": {
			"version": "2.3.7",
			"requires": {
				"core-util-is": "~1.0.0",
				"inherits": "~2.0.3",
				"isarray": "~1.0.0",
				"process-nextick-args": "~2.0.0",
				"safe-buffer": "~5.1.1",
				"string_decoder": "~1.1.1",
				"util-deprecate": "~1.0.1"
			}
		},
		"reflect-metadata": {
			"version": "0.1.13"
		},
		"require-directory": {
			"version": "2.1.1"
		},
		"rimraf": {
			"version": "2.7.1",
			"requires": {
				"glob": "^7.1.3"
			}
		},
		"safe-buffer": {
			"version": "5.1.2"
		},
		"safer-buffer": {
			"version": "2.1.2"
		},
		"sax": {
			"version": "1.2.4"
		},
		"semver": {
			"version": "5.7.1"
		},
		"set-blocking": {
			"version": "2.0.0"
		},
		"sha.js": {
			"version": "2.4.11",
			"requires": {
				"inherits": "^2.0.1",
				"safe-buffer": "^5.0.1"
			}
		},
		"signal-exit": {
			"version": "3.0.6"
		},
		"source-map": {
			"version": "0.6.1",
			"dev": true
		},
		"source-map-support": {
			"version": "0.5.21",
			"dev": true,
			"requires": {
				"buffer-from": "^1.0.0",
				"source-map": "^0.6.0"
			}
		},
		"sprintf-js": {
			"version": "1.0.3"
		},
		"sqlite3": {
			"version": "4.2.0",
			"requires": {
				"nan": "^2.12.1",
				"node-pre-gyp": "^0.11.0"
			}
		},
		"string_decoder": {
			"version": "1.1.1",
			"requires": {
				"safe-buffer": "~5.1.0"
			}
		},
		"string-width": {
			"version": "1.0.2",
			"requires": {
				"code-point-at": "^1.0.0",
				"is-fullwidth-code-point": "^1.0.0",
				"strip-ansi": "^3.0.0"
			}
		},
		"strip-ansi": {
			"version": "3.0.1",
			"requires": {
				"ansi-regex": "^2.0.0"
			}
		},
		"strip-json-comments": {
			"version": "2.0.1"
		},
		"supports-color": {
			"version": "7.2.0",
			"requires": {
				"has-flag": "^4.0.0"
			}
		},
		"tar": {
			"version": "4.4.19",
			"requires": {
				"chownr": "^1.1.4",
				"fs-minipass": "^1.2.7",
				"minipass": "^2.9.0",
				"minizlib": "^1.3.3",
				"mkdirp": "^0.5.5",
				"safe-buffer": "^5.2.1",
				"yallist": "^3.1.1"
			},
			"dependencies": {
				"safe-buffer": {
					"version": "5.2.1"
				}
			}
		},
		"thenify": {
			"version": "3.3.1",
			"requires": {
				"any-promise": "^1.0.0"
			}
		},
		"thenify-all": {
			"version": "1.6.0",
			"requires": {
				"thenify": ">= 3.1.0 < 4"
			}
		},
		"ts-node": {
			"version": "8.10.2",
			"dev": true,
			"requires": {
				"arg": "^4.1.0",
				"diff": "^4.0.1",
				"make-error": "^1.1.1",
				"source-map-support": "^0.5.17",
				"yn": "3.1.1"
			}
		},
		"tslib": {
			"version": "1.14.1"
		},
		"typeorm": {
			"version": "0.3.0-rc.21",
			"resolved": "https://registry.npmjs.org/typeorm/-/typeorm-0.3.0-rc.21.tgz",
			"integrity": "sha512-GaMGby3Y7mMxAGBGYQfcZFs0hM6X1+XK4Fv1BnULSl9PmBRqnFpADBPT81odtc1hURxlykX6Meux2R3VTrbDRg==",
			"requires": {
				"@sqltools/formatter": "1.2.2",
				"app-root-path": "^3.0.0",
				"buffer": "^5.5.0",
				"chalk": "^4.1.0",
				"cli-highlight": "^2.1.4",
				"debug": "^4.1.1",
				"dotenv": "^8.2.0",
				"glob": "^7.1.6",
				"js-yaml": "^3.14.0",
				"mkdirp": "^1.0.4",
				"reflect-metadata": "^0.1.13",
				"sha.js": "^2.4.11",
				"tslib": "^1.13.0",
				"xml2js": "^0.4.23",
				"yargonaut": "^1.1.2",
				"yargs": "^16.0.3",
				"zen-observable-ts": "^0.8.21"
			},
			"dependencies": {
				"debug": {
					"version": "4.3.3",
					"requires": {
						"ms": "2.1.2"
					}
				},
				"mkdirp": {
					"version": "1.0.4"
				},
				"ms": {
					"version": "2.1.2"
				}
			}
		},
		"typescript": {
			"version": "4.5.4",
			"dev": true
		},
		"util-deprecate": {
			"version": "1.0.2"
		},
		"wide-align": {
			"version": "1.1.5",
			"requires": {
				"string-width": "^1.0.2 || 2 || 3 || 4"
			}
		},
		"wrap-ansi": {
			"version": "7.0.0",
			"requires": {
				"ansi-styles": "^4.0.0",
				"string-width": "^4.1.0",
				"strip-ansi": "^6.0.0"
			},
			"dependencies": {
				"ansi-regex": {
					"version": "5.0.1"
				},
				"is-fullwidth-code-point": {
					"version": "3.0.0"
				},
				"string-width": {
					"version": "4.2.3",
					"requires": {
						"emoji-regex": "^8.0.0",
						"is-fullwidth-code-point": "^3.0.0",
						"strip-ansi": "^6.0.1"
					}
				},
				"strip-ansi": {
					"version": "6.0.1",
					"requires": {
						"ansi-regex": "^5.0.1"
					}
				}
			}
		},
		"wrappy": {
			"version": "1.0.2"
		},
		"xml2js": {
			"version": "0.4.23",
			"requires": {
				"sax": ">=0.6.0",
				"xmlbuilder": "~11.0.0"
			}
		},
		"xmlbuilder": {
			"version": "11.0.1"
		},
		"y18n": {
			"version": "5.0.8"
		},
		"yallist": {
			"version": "3.1.1"
		},
		"yargonaut": {
			"version": "1.1.4",
			"requires": {
				"chalk": "^1.1.1",
				"figlet": "^1.1.1",
				"parent-require": "^1.0.0"
			},
			"dependencies": {
				"ansi-styles": {
					"version": "2.2.1"
				},
				"chalk": {
					"version": "1.1.3",
					"requires": {
						"ansi-styles": "^2.2.1",
						"escape-string-regexp": "^1.0.2",
						"has-ansi": "^2.0.0",
						"strip-ansi": "^3.0.0",
						"supports-color": "^2.0.0"
					}
				},
				"supports-color": {
					"version": "2.0.0"
				}
			}
		},
		"yargs": {
			"version": "16.2.0",
			"resolved": "https://registry.npmjs.org/yargs/-/yargs-16.2.0.tgz",
			"integrity": "sha512-D1mvvtDG0L5ft/jGWkLpG1+m0eQxOfaBvTNELraWj22wSVUMWxZUvYgJYcKh6jGGIkJFhH4IZPQhR4TKpc8mBw==",
			"requires": {
				"cliui": "^7.0.2",
				"escalade": "^3.1.1",
				"get-caller-file": "^2.0.5",
				"require-directory": "^2.1.1",
				"string-width": "^4.2.0",
				"y18n": "^5.0.5",
				"yargs-parser": "^20.2.2"
			},
			"dependencies": {
				"ansi-regex": {
					"version": "5.0.1",
					"resolved": "https://registry.npmjs.org/ansi-regex/-/ansi-regex-5.0.1.tgz",
					"integrity": "sha512-quJQXlTSUGL2LH9SUXo8VwsY4soanhgo6LNSm84E1LBcE8s3O0wpdiRzyR9z/ZZJMlMWv37qOOb9pdJlMUEKFQ=="
				},
				"is-fullwidth-code-point": {
					"version": "3.0.0",
					"resolved": "https://registry.npmjs.org/is-fullwidth-code-point/-/is-fullwidth-code-point-3.0.0.tgz",
					"integrity": "sha512-zymm5+u+sCsSWyD9qNaejV3DFvhCKclKdizYaJUuHA83RLjb7nSuGnddCHGv0hk+KY7BMAlsWeK4Ueg6EV6XQg=="
				},
				"string-width": {
					"version": "4.2.3",
					"resolved": "https://registry.npmjs.org/string-width/-/string-width-4.2.3.tgz",
					"integrity": "sha512-wKyQRQpjJ0sIp62ErSZdGsjMJWsap5oRNihHhu6G7JVO/9jIB6UyevL+tXuOqrng8j/cxKTWyWUwvSTriiZz/g==",
					"requires": {
						"emoji-regex": "^8.0.0",
						"is-fullwidth-code-point": "^3.0.0",
						"strip-ansi": "^6.0.1"
					}
				},
				"strip-ansi": {
					"version": "6.0.1",
					"resolved": "https://registry.npmjs.org/strip-ansi/-/strip-ansi-6.0.1.tgz",
					"integrity": "sha512-Y38VPSHcqkFrCpFnQ9vuSXmquuv5oXOKpGeT6aGrr3o3Gc9AlVa6JBfUSOCnbxGGZF+/0ooI7KrPuUSztUdU5A==",
					"requires": {
						"ansi-regex": "^5.0.1"
					}
				}
			}
		},
		"yargs-parser": {
			"version": "20.2.9"
		},
		"yn": {
			"version": "3.1.1",
			"dev": true
		},
		"zen-observable": {
			"version": "0.8.15"
		},
		"zen-observable-ts": {
			"version": "0.8.21",
			"requires": {
				"tslib": "^1.9.3",
				"zen-observable": "^0.8.0"
			}
		}
	}
}
